speakeasyVersion: 1.467.0
sources:
    my-source:
        sourceNamespace: my-source
        sourceRevisionDigest: sha256:815483d45479153e520edc5dce5aa8bc10daf5d91a4384dcba68e3bc719cc7ae
        sourceBlobDigest: sha256:952a58da1511e3191ea8e470c7f01a4e3785d11d9152f490a3e5a7173c8542e7
        tags:
            - latest
            - main
            - 0.4.0
targets:
    speakeasy-client-sdk-go:
        source: my-source
        sourceNamespace: my-source
        sourceRevisionDigest: sha256:815483d45479153e520edc5dce5aa8bc10daf5d91a4384dcba68e3bc719cc7ae
        sourceBlobDigest: sha256:952a58da1511e3191ea8e470c7f01a4e3785d11d9152f490a3e5a7173c8542e7
        codeSamplesNamespace: code-samples-go-speakeasy-client-sdk-go
        codeSamplesRevisionDigest: sha256:c09e1d4f63db487480ebadd9930b439bfaeef89532b7f919c099cce48da0030c
workflow:
    workflowVersion: 1.0.0
    speakeasyVersion: latest
    sources:
        my-source:
            inputs:
                - location: https://www.speakeasy.com/openapi.yaml
            registry:
                location: registry.speakeasyapi.dev/speakeasy-self/speakeasy-self/my-source
    targets:
        speakeasy-client-sdk-go:
            target: go
            source: my-source
            codeSamples:
                output: codeSamples.yaml
                registry:
                    location: registry.speakeasyapi.dev/speakeasy-self/speakeasy-self/code-samples-go-speakeasy-client-sdk-go
