speakeasyVersion: 1.465.1
sources:
    my-source:
        sourceNamespace: my-source
        sourceRevisionDigest: sha256:2d298a7727cd049c888ba38dcd9de3f6d35fcca3e905e26a9ab6b371b67ab5d1
        sourceBlobDigest: sha256:aed3d6364ea14f272f9693c550d26d4b931dcb3aedddbd0ad65a4faf75284427
        tags:
            - latest
            - main
            - 0.4.0
targets:
    speakeasy-client-sdk-go:
        source: my-source
        sourceNamespace: my-source
        sourceRevisionDigest: sha256:2d298a7727cd049c888ba38dcd9de3f6d35fcca3e905e26a9ab6b371b67ab5d1
        sourceBlobDigest: sha256:aed3d6364ea14f272f9693c550d26d4b931dcb3aedddbd0ad65a4faf75284427
        codeSamplesNamespace: code-samples-go-speakeasy-client-sdk-go
        codeSamplesRevisionDigest: sha256:b4fe93f3df87861f248deb2a3318fb8a1582808820a08f0c0046bae750aba44b
workflow:
    workflowVersion: 1.0.0
    speakeasyVersion: latest
    sources:
        my-source:
            inputs:
                - location: https://www.speakeasy.com/openapi.yaml
            registry:
                location: registry.speakeasyapi.dev/speakeasy-self/speakeasy-self/my-source
    targets:
        speakeasy-client-sdk-go:
            target: go
            source: my-source
            codeSamples:
                output: codeSamples.yaml
                registry:
                    location: registry.speakeasyapi.dev/speakeasy-self/speakeasy-self/code-samples-go-speakeasy-client-sdk-go
