speakeasyVersion: 1.441.0
sources:
    my-source:
        sourceNamespace: my-source
        sourceRevisionDigest: sha256:d5eb4e8bd274e69dface113e5aee79f30878292bd9d77f27dbb4accfee1f8eca
        sourceBlobDigest: sha256:7f479e2230654a7fc954584afd38a44cb6e0bb683b3a58e9b33dd2159400851a
        tags:
            - latest
            - main
targets:
    speakeasy-client-sdk-go:
        source: my-source
        sourceNamespace: my-source
        sourceRevisionDigest: sha256:d5eb4e8bd274e69dface113e5aee79f30878292bd9d77f27dbb4accfee1f8eca
        sourceBlobDigest: sha256:7f479e2230654a7fc954584afd38a44cb6e0bb683b3a58e9b33dd2159400851a
        codeSamplesNamespace: code-samples-go-speakeasy-client-sdk-go
        codeSamplesRevisionDigest: sha256:d810c45b2459a2ece16044828173aec10f13df1991804b34b221b793d5a0c9d3
workflow:
    workflowVersion: 1.0.0
    speakeasyVersion: latest
    sources:
        my-source:
            inputs:
                - location: https://www.speakeasy.com/openapi.yaml
            registry:
                location: registry.speakeasyapi.dev/speakeasy-self/speakeasy-self/my-source
    targets:
        speakeasy-client-sdk-go:
            target: go
            source: my-source
            codeSamples:
                output: codeSamples.yaml
                registry:
                    location: registry.speakeasyapi.dev/speakeasy-self/speakeasy-self/code-samples-go-speakeasy-client-sdk-go
